Microsoft Visual Studio Solution File, Format Version 10.00
# Visual Studio 2008
Project("{8BC9CEB8-8B4A-11D0-8D11-00A0C91BC942}") = "bfw", "bfw.vcproj", "{3D22D9E0-9281-4212-A51A-D4954F5E016A}"
EndProject
Project("{2150E333-8FDC-42A3-9474-1A3956D46DE8}") = "Solution Items", "Solution Items", "{65713B30-CE93-43F6-99BA-AAC9258D3D81}"
	ProjectSection(SolutionItems) = preProject
		bfw.vsd = bfw.vsd
	EndProjectSection
EndProject
Global
	GlobalSection(SubversionScc) = preSolution
		Svn-Managed = True
		Manager = AnkhSVN - Subversion Support for Visual Studio
	EndGlobalSection
	GlobalSection(SolutionConfigurationPlatforms) = preSolution
		Debug|Win32 = Debug|Win32
		DebugDLL|Win32 = DebugDLL|Win32
		DLL|Win32 = DLL|Win32
		Release|Win32 = Release|Win32
	EndGlobalSection
	GlobalSection(ProjectConfigurationPlatforms) = postSolution
		{3D22D9E0-9281-4212-A51A-D4954F5E016A}.Debug|Win32.ActiveCfg = Debug|Win32
		{3D22D9E0-9281-4212-A51A-D4954F5E016A}.Debug|Win32.Build.0 = Debug|Win32
		{3D22D9E0-9281-4212-A51A-D4954F5E016A}.DebugDLL|Win32.ActiveCfg = DebugDLL|Win32
		{3D22D9E0-9281-4212-A51A-D4954F5E016A}.DebugDLL|Win32.Build.0 = DebugDLL|Win32
		{3D22D9E0-9281-4212-A51A-D4954F5E016A}.DLL|Win32.ActiveCfg = DLL|Win32
		{3D22D9E0-9281-4212-A51A-D4954F5E016A}.DLL|Win32.Build.0 = DLL|Win32
		{3D22D9E0-9281-4212-A51A-D4954F5E016A}.Release|Win32.ActiveCfg = Release|Win32
		{3D22D9E0-9281-4212-A51A-D4954F5E016A}.Release|Win32.Build.0 = Release|Win32
	EndGlobalSection
	GlobalSection(SolutionProperties) = preSolution
		HideSolutionNode = FALSE
	EndGlobalSection
EndGlobal
